
Microsoft Visual Studio Solution File, Format Version 12.00
# Visual Studio Version 17
VisualStudioVersion = 17.1.32421.90
MinimumVisualStudioVersion = 10.0.40219.1
Project("{FAE04EC0-301F-11D3-BF4B-00C04F79EFBC}") = "mvcpro2", "mvcpro2\mvcpro2.csproj", "{64B97B55-2B4E-4C54-9F68-31DC456DF657}"
EndProject
Global
	GlobalSection(SolutionConfigurationPlatforms) = preSolution
		Debug|Any CPU = Debug|Any CPU
		Release|Any CPU = Release|Any CPU
	EndGlobalSection
	GlobalSection(ProjectConfigurationPlatforms) = postSolution
		{64B97B55-2B4E-4C54-9F68-31DC456DF657}.Debug|Any CPU.ActiveCfg = Debug|Any CPU
		{64B97B55-2B4E-4C54-9F68-31DC456DF657}.Debug|Any CPU.Build.0 = Debug|Any CPU
		{64B97B55-2B4E-4C54-9F68-31DC456DF657}.Release|Any CPU.ActiveCfg = Release|Any CPU
		{64B97B55-2B4E-4C54-9F68-31DC456DF657}.Release|Any CPU.Build.0 = Release|Any CPU
	EndGlobalSection
	GlobalSection(SolutionProperties) = preSolution
		HideSolutionNode = FALSE
	EndGlobalSection
	GlobalSection(ExtensibilityGlobals) = postSolution
		SolutionGuid = {9CDFCCAF-1FA0-4BE7-8AA8-44FD7AE1F91E}
	EndGlobalSection
EndGlobal
